
Microsoft Visual Studio Solution File, Format Version 12.00
# Visual Studio Version 17
VisualStudioVersion = 17.4.33213.308
MinimumVisualStudioVersion = 10.0.40219.1
Project("{FAE04EC0-301F-11D3-BF4B-00C04F79EFBC}") = "LoginForm", "LoginForm\LoginForm.csproj", "{6BDA5D8E-7439-4856-9ADD-FF9EB1F60DD5}"
EndProject
Global
	GlobalSection(SolutionConfigurationPlatforms) = preSolution
		Debug|Any CPU = Debug|Any CPU
		Release|Any CPU = Release|Any CPU
	EndGlobalSection
	GlobalSection(ProjectConfigurationPlatforms) = postSolution
		{6BDA5D8E-7439-4856-9ADD-FF9EB1F60DD5}.Debug|Any CPU.ActiveCfg = Debug|Any CPU
		{6BDA5D8E-7439-4856-9ADD-FF9EB1F60DD5}.Debug|Any CPU.Build.0 = Debug|Any CPU
		{6BDA5D8E-7439-4856-9ADD-FF9EB1F60DD5}.Release|Any CPU.ActiveCfg = Release|Any CPU
		{6BDA5D8E-7439-4856-9ADD-FF9EB1F60DD5}.Release|Any CPU.Build.0 = Release|Any CPU
	EndGlobalSection
	GlobalSection(SolutionProperties) = preSolution
		HideSolutionNode = FALSE
	EndGlobalSection
	GlobalSection(ExtensibilityGlobals) = postSolution
		SolutionGuid = {76E5DCF6-423D-435A-8434-C587D9F9167E}
	EndGlobalSection
EndGlobal
